{
    "_meta": {
        "hash": {
            "sha256": "0708f9edbe8201bd9f57bd7822f9ca9aa85ac49a1dcf7b3c235848a705d6020b"
        },
        "pipfile-spec": 6,
        "requires": {
            "python_version": "3.11"
        },
        "sources": [
            {
                "name": "pypi",
                "url": "https://pypi.org/simple",
                "verify_ssl": true
            }
        ]
    },
    "default": {
        "ratelimit": {
            "hashes": [
                "sha256:af8a9b64b821529aca09ebaf6d8d279100d766f19e90b5059ac6a718ca6dee42"
            ],
            "index": "pypi",
            "version": "==2.2.1"
        },
        "tabulate": {
            "hashes": [
                "sha256:0095b12bf5966de529c0feb1fa08671671b3368eec77d7ef7ab114be2c068b3c",
                "sha256:024ca478df22e9340661486f85298cff5f6dcdba14f3813e8830015b9ed1948f"
            ],
            "index": "pypi",
            "version": "==0.9.0"
        }
    },
    "develop": {}
}
